
Microsoft Visual Studio Solution File, Format Version 12.00
# Visual Studio Version 17
VisualStudioVersion = 17.5.002.0
MinimumVisualStudioVersion = 10.0.40219.1
Project("{9A19103F-16F7-4668-BE54-9A1E7A4F7556}") = "ShopifyBilling.App", "ShopifyBilling.App.csproj", "{7A962254-B7FA-41C6-AD51-197E2171D88C}"
EndProject
Global
	GlobalSection(SolutionConfigurationPlatforms) = preSolution
		Debug|Any CPU = Debug|Any CPU
		Release|Any CPU = Release|Any CPU
	EndGlobalSection
	GlobalSection(ProjectConfigurationPlatforms) = postSolution
		{7A962254-B7FA-41C6-AD51-197E2171D88C}.Debug|Any CPU.ActiveCfg = Debug|Any CPU
		{7A962254-B7FA-41C6-AD51-197E2171D88C}.Debug|Any CPU.Build.0 = Debug|Any CPU
		{7A962254-B7FA-41C6-AD51-197E2171D88C}.Release|Any CPU.ActiveCfg = Release|Any CPU
		{7A962254-B7FA-41C6-AD51-197E2171D88C}.Release|Any CPU.Build.0 = Release|Any CPU
	EndGlobalSection
	GlobalSection(SolutionProperties) = preSolution
		HideSolutionNode = FALSE
	EndGlobalSection
	GlobalSection(ExtensibilityGlobals) = postSolution
		SolutionGuid = {620AE8CE-EC14-494A-925A-19DCC1FD2B27}
	EndGlobalSection
EndGlobal
